[[package]]
name = "atomicwrites"
version = "1.4.0"
description = "Atomic file writes."
category = "dev"
optional = false
python-versions = ">=2.7, !=3.0.*, !=3.1.*, !=3.2.*, !=3.3.*"

[[package]]
name = "attrs"
version = "21.4.0"
description = "Classes Without Boilerplate"
category = "dev"
optional = false
python-versions = ">=2.7, !=3.0.*, !=3.1.*, !=3.2.*, !=3.3.*, !=3.4.*"

[package.extras]
dev = ["coverage[toml] (>=5.0.2)", "hypothesis", "pympler", "pytest (>=4.3.0)", "six", "mypy", "pytest-mypy-plugins", "zope.interface", "furo", "sphinx", "sphinx-notfound-page", "pre-commit", "cloudpickle"]
docs = ["furo", "sphinx", "zope.interface", "sphinx-notfound-page"]
tests = ["coverage[toml] (>=5.0.2)", "hypothesis", "pympler", "pytest (>=4.3.0)", "six", "mypy", "pytest-mypy-plugins", "zope.interface", "cloudpickle"]
tests_no_zope = ["coverage[toml] (>=5.0.2)", "hypothesis", "pympler", "pytest (>=4.3.0)", "six", "mypy", "pytest-mypy-plugins", "cloudpickle"]

[[package]]
name = "colorama"
version = "0.4.4"
description = "Cross-platform colored terminal text."
category = "dev"
optional = false
python-versions = ">=2.7, !=3.0.*, !=3.1.*, !=3.2.*, !=3.3.*, !=3.4.*"

[[package]]
name = "cython"
version = "0.29.27"
description = "The Cython compiler for writing C extensions for the Python language."
category = "dev"
optional = false
python-versions = ">=2.6, !=3.0.*, !=3.1.*, !=3.2.*"

[[package]]
name = "more-itertools"
version = "8.12.0"
description = "More routines for operating on iterables, beyond itertools"
category = "dev"
optional = false
python-versions = ">=3.5"

[[package]]
name = "packaging"
version = "21.3"
description = "Core utilities for Python packages"
category = "dev"
optional = false
python-versions = ">=3.6"

[package.dependencies]
pyparsing = ">=2.0.2,<3.0.5 || >3.0.5"

[[package]]
name = "pluggy"
version = "0.13.1"
description = "plugin and hook calling mechanisms for python"
category = "dev"
optional = false
python-versions = ">=2.7, !=3.0.*, !=3.1.*, !=3.2.*, !=3.3.*"

[package.extras]
dev = ["pre-commit", "tox"]

[[package]]
name = "py"
version = "1.11.0"
description = "library with cross-python path, ini-parsing, io, code, log facilities"
category = "dev"
optional = false
python-versions = ">=2.7, !=3.0.*, !=3.1.*, !=3.2.*, !=3.3.*, !=3.4.*"

[[package]]
name = "pyparsing"
version = "3.0.7"
description = "Python parsing module"
category = "dev"
optional = false
python-versions = ">=3.6"

[package.extras]
diagrams = ["jinja2", "railroad-diagrams"]

[[package]]
name = "pytest"
version = "5.4.3"
description = "pytest: simple powerful testing with Python"
category = "dev"
optional = false
python-versions = ">=3.5"

[package.dependencies]
atomicwrites = {version = ">=1.0", markers = "sys_platform == \"win32\""}
attrs = ">=17.4.0"
colorama = {version = "*", markers = "sys_platform == \"win32\""}
more-itertools = ">=4.0.0"
packaging = "*"
pluggy = ">=0.12,<1.0"
py = ">=1.5.0"
wcwidth = "*"

[package.extras]
checkqa-mypy = ["mypy (==v0.761)"]
testing = ["argcomplete", "hypothesis (>=3.56)", "mock", "nose", "requests", "xmlschema"]

[[package]]
name = "wcwidth"
version = "0.2.5"
description = "Measures the displayed width of unicode strings in a terminal"
category = "dev"
optional = false
python-versions = "*"

[metadata]
lock-version = "1.1"
python-versions = "^3.8"
content-hash = "4025c09fed213a1de7dda1666dc9a79ec0a42db515f8276d12e4c6d1d1e57c8e"

[metadata.files]
atomicwrites = [
    {file = "atomicwrites-1.4.0-py2.py3-none-any.whl", hash = "sha256:6d1784dea7c0c8d4a5172b6c620f40b6e4cbfdf96d783691f2e1302a7b88e197"},
    {file = "atomicwrites-1.4.0.tar.gz", hash = "sha256:ae70396ad1a434f9c7046fd2dd196fc04b12f9e91ffb859164193be8b6168a7a"},
]
attrs = [
    {file = "attrs-21.4.0-py2.py3-none-any.whl", hash = "sha256:2d27e3784d7a565d36ab851fe94887c5eccd6a463168875832a1be79c82828b4"},
    {file = "attrs-21.4.0.tar.gz", hash = "sha256:626ba8234211db98e869df76230a137c4c40a12d72445c45d5f5b716f076e2fd"},
]
colorama = [
    {file = "colorama-0.4.4-py2.py3-none-any.whl", hash = "sha256:9f47eda37229f68eee03b24b9748937c7dc3868f906e8ba69fbcbdd3bc5dc3e2"},
    {file = "colorama-0.4.4.tar.gz", hash = "sha256:5941b2b48a20143d2267e95b1c2a7603ce057ee39fd88e7329b0c292aa16869b"},
]
cython = [
    {file = "Cython-0.29.27-cp27-cp27m-manylinux_2_5_i686.manylinux1_i686.whl", hash = "sha256:af2b4e1e267737dae1732f02a9b567f58420a3e2f572dc4416829647ec109886"},
    {file = "Cython-0.29.27-cp27-cp27m-manylinux_2_5_x86_64.manylinux1_x86_64.whl", hash = "sha256:62326774873cd1eff0cf7ca9132a1b6442541fe67c84dcfe97beb6a30f983b22"},
    {file = "Cython-0.29.27-cp27-cp27mu-manylinux_2_5_i686.manylinux1_i686.whl", hash = "sha256:0cb3da73547ed22d4b579990c229620b274d6935e3964f21abe15e4f7af6abf1"},
    {file = "Cython-0.29.27-cp27-cp27mu-manylinux_2_5_x86_64.manylinux1_x86_64.whl", hash = "sha256:314280475ba4ab334e6b40e502a1b3b36ac37a710a63b0a74c6a61dde5f7593c"},
    {file = "Cython-0.29.27-cp310-cp310-manylinux_2_17_aarch64.manylinux2014_aarch64.manylinux_2_24_aarch64.whl", hash = "sha256:8e2963153212c3e699276059095fd9e20c5c97872b6dda893e7acfc5cef64df8"},
    {file = "Cython-0.29.27-cp310-cp310-manylinux_2_17_x86_64.manylinux2014_x86_64.manylinux_2_24_x86_64.whl", hash = "sha256:80ea3b60d5e5b3b13ce90a4071734bbd88cf688fcfd3c82db0b47ae1e944c6a2"},
    {file = "Cython-0.29.27-cp310-cp310-manylinux_2_5_i686.manylinux1_i686.manylinux_2_24_i686.whl", hash = "sha256:25cb8e663dbd1e14a8f05dd6a79974ce6f0232b4dc417000fd790938face0304"},
    {file = "Cython-0.29.27-cp310-cp310-musllinux_1_1_x86_64.whl", hash = "sha256:7f3a5b826d9650268ff9bd7308bf79d8077b3b452da03337656d455bba05a9be"},
    {file = "Cython-0.29.27-cp35-cp35m-manylinux_2_5_i686.manylinux1_i686.whl", hash = "sha256:a1035e568cdc48dbd74f565828b36019fdb1b1437b3d7c1164c6f2a0757608f7"},
    {file = "Cython-0.29.27-cp35-cp35m-manylinux_2_5_x86_64.manylinux1_x86_64.whl", hash = "sha256:179e8cf796f72df8977705c7887eee3231945f665c594ad1631fe690363bfb8e"},
    {file = "Cython-0.29.27-cp36-cp36m-manylinux_2_17_aarch64.manylinux2014_aarch64.manylinux_2_24_aarch64.whl", hash = "sha256:abcefbfb2c8f1b35c121a727745eb03c64cc15d0d71ebd827a6ce5c609503daa"},
    {file = "Cython-0.29.27-cp36-cp36m-manylinux_2_17_x86_64.manylinux2014_x86_64.manylinux_2_24_x86_64.whl", hash = "sha256:7742cac4a5a41c73309bc1bab568e955ad35eacaedf3b00971bc44afe0b5f04e"},
    {file = "Cython-0.29.27-cp36-cp36m-manylinux_2_5_i686.manylinux1_i686.manylinux_2_24_i686.whl", hash = "sha256:f4a01915e33a524fca2a1e2512c0afc07f9fc51637f874bed1a831b56e789374"},
    {file = "Cython-0.29.27-cp36-cp36m-manylinux_2_5_i686.manylinux1_i686.whl", hash = "sha256:3138e4f89cb7e79d35bd6cbefe2d62c4723f2184ee414905ee0981ae0fbd92d6"},
    {file = "Cython-0.29.27-cp36-cp36m-manylinux_2_5_x86_64.manylinux1_x86_64.whl", hash = "sha256:2dfdb4d5f63a0ae6748592b319878cbe360b12997cd8074836ef159381955d16"},
    {file = "Cython-0.29.27-cp36-cp36m-musllinux_1_1_x86_64.whl", hash = "sha256:4b9dbe37907b6b76d9673720e848209399b48530f6ab6178fa3a49d1af4a8d00"},
    {file = "Cython-0.29.27-cp37-cp37m-manylinux_2_17_aarch64.manylinux2014_aarch64.manylinux_2_24_aarch64.whl", hash = "sha256:ab4301aabcd75a436df0bbe13dbd9a3a9b6d3ad6aeb3ab577606af1642e134c2"},
    {file = "Cython-0.29.27-cp37-cp37m-manylinux_2_17_x86_64.manylinux2014_x86_64.manylinux_2_24_x86_64.whl", hash = "sha256:93e9f7c522f5ab3ea4e32ce6f42b123cb0bd9cdfe49726b5e43c4e5719654146"},
    {file = "Cython-0.29.27-cp37-cp37m-manylinux_2_5_i686.manylinux1_i686.manylinux_2_24_i686.whl", hash = "sha256:6d337965a49dd52bc410685dbf63f2a95d6aa8d8be153a87c4178a06ff0e8ccd"},
    {file = "Cython-0.29.27-cp37-cp37m-manylinux_2_5_i686.manylinux1_i686.whl", hash = "sha256:1500dce7ae102bb27243b92a8461b9f7fd08c4514886e9a0da8b266de8e5c561"},
    {file = "Cython-0.29.27-cp37-cp37m-manylinux_2_5_x86_64.manylinux1_x86_64.whl", hash = "sha256:03e0e9164e0a279c094897c6ae1505d816da59f98d664a77911b8d33f492e3f3"},
    {file = "Cython-0.29.27-cp37-cp37m-musllinux_1_1_x86_64.whl", hash = "sha256:0636e377ad81b8a106b12cddc57d3e69df94e03c77bdbccd0bd4394dda2484c9"},
    {file = "Cython-0.29.27-cp38-cp38-manylinux_2_17_aarch64.manylinux2014_aarch64.manylinux_2_24_aarch64.whl", hash = "sha256:77519bc6816a0fa648795ef0d5337c18e4b7be1c43c4944599a87004037579c5"},
    {file = "Cython-0.29.27-cp38-cp38-manylinux_2_17_x86_64.manylinux2014_x86_64.manylinux_2_24_x86_64.whl", hash = "sha256:65757e10590a1fbce84135491a5b53a1dc8c792cff78db4bb76b09d6df21dc0e"},
    {file = "Cython-0.29.27-cp38-cp38-manylinux_2_5_i686.manylinux1_i686.manylinux_2_24_i686.whl", hash = "sha256:0bf5182c6bf3fe73cf14f902506baa2b6ec3cea057775393f24eb66d3f2d1a51"},
    {file = "Cython-0.29.27-cp38-cp38-manylinux_2_5_i686.manylinux1_i686.whl", hash = "sha256:d46fef39778dfb1d62e577c02dd2bac3930b9d28419d070ee0dae297e4a90af1"},
    {file = "Cython-0.29.27-cp38-cp38-manylinux_2_5_x86_64.manylinux1_x86_64.whl", hash = "sha256:ca361afc6152221476bc89c335d54b8241502c57b89c760ded9f2f2de2e2a0b5"},
    {file = "Cython-0.29.27-cp38-cp38-musllinux_1_1_x86_64.whl", hash = "sha256:00c0f379763bf5f37a2180e4943cb69d0d96e90637aba596c3d9bc061c09f44d"},
    {file = "Cython-0.29.27-cp39-cp39-manylinux_2_17_aarch64.manylinux2014_aarch64.manylinux_2_24_aarch64.whl", hash = "sha256:a571dcba3fbd755c187bb464a4cdaf1ce71ca7b92bdb8122c46c1812b86b6c2f"},
    {file = "Cython-0.29.27-cp39-cp39-manylinux_2_17_x86_64.manylinux2014_x86_64.manylinux_2_24_x86_64.whl", hash = "sha256:11e88a9826ad71a0ab7eda04d065cb34f320b2f453bc654436c42870f79a7c47"},
    {file = "Cython-0.29.27-cp39-cp39-manylinux_2_5_i686.manylinux1_i686.manylinux_2_24_i686.whl", hash = "sha256:f3c738662c572676883561a393c8fb6e7a807ffb8fcd286c510ed88c27f53a65"},
    {file = "Cython-0.29.27-cp39-cp39-manylinux_2_5_i686.manylinux1_i686.whl", hash = "sha256:6670e5643fa05112aa88ea8f54088396fe5c113383cd898100450ad156fe1e4a"},
    {file = "Cython-0.29.27-cp39-cp39-manylinux_2_5_x86_64.manylinux1_x86_64.whl", hash = "sha256:f054331ed29f81cfd22335b96af9d33788b01338b1a5b7939f18412336ab06fd"},
    {file = "Cython-0.29.27-cp39-cp39-musllinux_1_1_x86_64.whl", hash = "sha256:7149835ef701f8f9a417059253f52f393e4334d3819caf8ceab4194c9c4098ce"},
    {file = "Cython-0.29.27-py2.py3-none-any.whl", hash = "sha256:8e7ced83f7a3ab619abe03fa2ae2de888cc429028263c95655189085346b8fcc"},
    {file = "Cython-0.29.27.tar.gz", hash = "sha256:c6a442504db906dfc13a480e96850cced994ecdc076bcf492c43515b78f70da2"},
]
more-itertools = [
    {file = "more-itertools-8.12.0.tar.gz", hash = "sha256:7dc6ad46f05f545f900dd59e8dfb4e84a4827b97b3cfecb175ea0c7d247f6064"},
    {file = "more_itertools-8.12.0-py3-none-any.whl", hash = "sha256:43e6dd9942dffd72661a2c4ef383ad7da1e6a3e968a927ad7a6083ab410a688b"},
]
packaging = [
    {file = "packaging-21.3-py3-none-any.whl", hash = "sha256:ef103e05f519cdc783ae24ea4e2e0f508a9c99b2d4969652eed6a2e1ea5bd522"},
    {file = "packaging-21.3.tar.gz", hash = "sha256:dd47c42927d89ab911e606518907cc2d3a1f38bbd026385970643f9c5b8ecfeb"},
]
pluggy = [
    {file = "pluggy-0.13.1-py2.py3-none-any.whl", hash = "sha256:966c145cd83c96502c3c3868f50408687b38434af77734af1e9ca461a4081d2d"},
    {file = "pluggy-0.13.1.tar.gz", hash = "sha256:15b2acde666561e1298d71b523007ed7364de07029219b604cf808bfa1c765b0"},
]
py = [
    {file = "py-1.11.0-py2.py3-none-any.whl", hash = "sha256:607c53218732647dff4acdfcd50cb62615cedf612e72d1724fb1a0cc6405b378"},
    {file = "py-1.11.0.tar.gz", hash = "sha256:51c75c4126074b472f746a24399ad32f6053d1b34b68d2fa41e558e6f4a98719"},
]
pyparsing = [
    {file = "pyparsing-3.0.7-py3-none-any.whl", hash = "sha256:a6c06a88f252e6c322f65faf8f418b16213b51bdfaece0524c1c1bc30c63c484"},
    {file = "pyparsing-3.0.7.tar.gz", hash = "sha256:18ee9022775d270c55187733956460083db60b37d0d0fb357445f3094eed3eea"},
]
pytest = [
    {file = "pytest-5.4.3-py3-none-any.whl", hash = "sha256:5c0db86b698e8f170ba4582a492248919255fcd4c79b1ee64ace34301fb589a1"},
    {file = "pytest-5.4.3.tar.gz", hash = "sha256:7979331bfcba207414f5e1263b5a0f8f521d0f457318836a7355531ed1a4c7d8"},
]
wcwidth = [
    {file = "wcwidth-0.2.5-py2.py3-none-any.whl", hash = "sha256:beb4802a9cebb9144e99086eff703a642a13d6a0052920003a230f3294bbe784"},
    {file = "wcwidth-0.2.5.tar.gz", hash = "sha256:c4d647b99872929fdb7bdcaa4fbe7f01413ed3d98077df798530e5b04f116c83"},
]
